
Microsoft Visual Studio Solution File, Format Version 12.00
# Visual Studio Version 17
VisualStudioVersion = 17.4.33103.184
MinimumVisualStudioVersion = 10.0.40219.1
Project("{FAE04EC0-301F-11D3-BF4B-00C04F79EFBC}") = "CheesecakeOrder.Web", "CheesecakeOrder.Web\CheesecakeOrder.Web.csproj", "{BC21D54D-1918-466E-AE0B-D0DA3C584597}"
EndProject
Project("{FAE04EC0-301F-11D3-BF4B-00C04F79EFBC}") = "CheesecakeOrder.Data", "CheesecakeOrder.Data\CheesecakeOrder.Data.csproj", "{8111E9AE-2935-476D-9052-0CF200A91693}"
EndProject
Global
	GlobalSection(SolutionConfigurationPlatforms) = preSolution
		Debug|Any CPU = Debug|Any CPU
		Release|Any CPU = Release|Any CPU
	EndGlobalSection
	GlobalSection(ProjectConfigurationPlatforms) = postSolution
		{BC21D54D-1918-466E-AE0B-D0DA3C584597}.Debug|Any CPU.ActiveCfg = Debug|Any CPU
		{BC21D54D-1918-466E-AE0B-D0DA3C584597}.Debug|Any CPU.Build.0 = Debug|Any CPU
		{BC21D54D-1918-466E-AE0B-D0DA3C584597}.Release|Any CPU.ActiveCfg = Release|Any CPU
		{BC21D54D-1918-466E-AE0B-D0DA3C584597}.Release|Any CPU.Build.0 = Release|Any CPU
		{8111E9AE-2935-476D-9052-0CF200A91693}.Debug|Any CPU.ActiveCfg = Debug|Any CPU
		{8111E9AE-2935-476D-9052-0CF200A91693}.Debug|Any CPU.Build.0 = Debug|Any CPU
		{8111E9AE-2935-476D-9052-0CF200A91693}.Release|Any CPU.ActiveCfg = Release|Any CPU
		{8111E9AE-2935-476D-9052-0CF200A91693}.Release|Any CPU.Build.0 = Release|Any CPU
	EndGlobalSection
	GlobalSection(SolutionProperties) = preSolution
		HideSolutionNode = FALSE
	EndGlobalSection
	GlobalSection(ExtensibilityGlobals) = postSolution
		SolutionGuid = {BC1CC71F-E146-43FF-BE3E-85756FC9D416}
	EndGlobalSection
EndGlobal
